
Microsoft Visual Studio Solution File, Format Version 12.00
# Visual Studio Version 16
VisualStudioVersion = 16.0.30804.86
MinimumVisualStudioVersion = 10.0.40219.1
Project("{FAE04EC0-301F-11D3-BF4B-00C04F79EFBC}") = "lab1", "lab1\lab1.csproj", "{80F4CC4C-5350-492D-A236-AD1F258CC0FE}"
EndProject
Project("{FAE04EC0-301F-11D3-BF4B-00C04F79EFBC}") = "SumClient", "SumClient\SumClient.csproj", "{5BD4F2FB-2C30-499B-BB63-A4D20F3C9464}"
EndProject
Global
	GlobalSection(SolutionConfigurationPlatforms) = preSolution
		Debug|Any CPU = Debug|Any CPU
		Release|Any CPU = Release|Any CPU
	EndGlobalSection
	GlobalSection(ProjectConfigurationPlatforms) = postSolution
		{80F4CC4C-5350-492D-A236-AD1F258CC0FE}.Debug|Any CPU.ActiveCfg = Debug|Any CPU
		{80F4CC4C-5350-492D-A236-AD1F258CC0FE}.Debug|Any CPU.Build.0 = Debug|Any CPU
		{80F4CC4C-5350-492D-A236-AD1F258CC0FE}.Release|Any CPU.ActiveCfg = Release|Any CPU
		{80F4CC4C-5350-492D-A236-AD1F258CC0FE}.Release|Any CPU.Build.0 = Release|Any CPU
		{5BD4F2FB-2C30-499B-BB63-A4D20F3C9464}.Debug|Any CPU.ActiveCfg = Debug|Any CPU
		{5BD4F2FB-2C30-499B-BB63-A4D20F3C9464}.Debug|Any CPU.Build.0 = Debug|Any CPU
		{5BD4F2FB-2C30-499B-BB63-A4D20F3C9464}.Release|Any CPU.ActiveCfg = Release|Any CPU
		{5BD4F2FB-2C30-499B-BB63-A4D20F3C9464}.Release|Any CPU.Build.0 = Release|Any CPU
	EndGlobalSection
	GlobalSection(SolutionProperties) = preSolution
		HideSolutionNode = FALSE
	EndGlobalSection
	GlobalSection(ExtensibilityGlobals) = postSolution
		SolutionGuid = {7486669C-FF31-45BB-9AE2-5B2A74247EE7}
	EndGlobalSection
EndGlobal
