
Microsoft Visual Studio Solution File, Format Version 12.00
# Visual Studio Version 16
VisualStudioVersion = 16.0.30907.101
MinimumVisualStudioVersion = 10.0.40219.1
Project("{FAE04EC0-301F-11D3-BF4B-00C04F79EFBC}") = "01b", "01b\01b.csproj", "{0CF43440-A8CE-4BF6-A633-48C9AB244D30}"
EndProject
Global
	GlobalSection(SolutionConfigurationPlatforms) = preSolution
		Debug|Any CPU = Debug|Any CPU
		Release|Any CPU = Release|Any CPU
	EndGlobalSection
	GlobalSection(ProjectConfigurationPlatforms) = postSolution
		{0CF43440-A8CE-4BF6-A633-48C9AB244D30}.Debug|Any CPU.ActiveCfg = Debug|Any CPU
		{0CF43440-A8CE-4BF6-A633-48C9AB244D30}.Debug|Any CPU.Build.0 = Debug|Any CPU
		{0CF43440-A8CE-4BF6-A633-48C9AB244D30}.Release|Any CPU.ActiveCfg = Release|Any CPU
		{0CF43440-A8CE-4BF6-A633-48C9AB244D30}.Release|Any CPU.Build.0 = Release|Any CPU
	EndGlobalSection
	GlobalSection(SolutionProperties) = preSolution
		HideSolutionNode = FALSE
	EndGlobalSection
	GlobalSection(ExtensibilityGlobals) = postSolution
		SolutionGuid = {FA86442E-E72F-45A4-B98D-E2D3C1DA8105}
	EndGlobalSection
EndGlobal
