
Microsoft Visual Studio Solution File, Format Version 12.00
# Visual Studio Version 16
VisualStudioVersion = 16.0.30907.101
MinimumVisualStudioVersion = 10.0.40219.1
Project("{FAE04EC0-301F-11D3-BF4B-00C04F79EFBC}") = "lab7bClient", "lab7bClient\lab7bClient.csproj", "{CC6F296C-0C59-40BE-82C4-3DB550F26E51}"
EndProject
Global
	GlobalSection(SolutionConfigurationPlatforms) = preSolution
		Debug|Any CPU = Debug|Any CPU
		Release|Any CPU = Release|Any CPU
	EndGlobalSection
	GlobalSection(ProjectConfigurationPlatforms) = postSolution
		{CC6F296C-0C59-40BE-82C4-3DB550F26E51}.Debug|Any CPU.ActiveCfg = Debug|Any CPU
		{CC6F296C-0C59-40BE-82C4-3DB550F26E51}.Debug|Any CPU.Build.0 = Debug|Any CPU
		{CC6F296C-0C59-40BE-82C4-3DB550F26E51}.Release|Any CPU.ActiveCfg = Release|Any CPU
		{CC6F296C-0C59-40BE-82C4-3DB550F26E51}.Release|Any CPU.Build.0 = Release|Any CPU
	EndGlobalSection
	GlobalSection(SolutionProperties) = preSolution
		HideSolutionNode = FALSE
	EndGlobalSection
	GlobalSection(ExtensibilityGlobals) = postSolution
		SolutionGuid = {08408D5E-1F68-4571-B1CA-05E4043CBF1F}
	EndGlobalSection
EndGlobal
